
Microsoft Visual Studio Solution File, Format Version 12.00
# Visual Studio Version 16
VisualStudioVersion = 16.0.29613.14
MinimumVisualStudioVersion = 10.0.40219.1
Project("{FAE04EC0-301F-11D3-BF4B-00C04F79EFBC}") = "HungarianAlgoritm", "HungarianAlgoritm\HungarianAlgoritm.csproj", "{FD5866B1-67C0-4F9C-A23A-6E217D00EDC4}"
EndProject
Project("{FAE04EC0-301F-11D3-BF4B-00C04F79EFBC}") = "WebAPI", "WebAPI\WebAPI.csproj", "{F3B1DDB2-6EB3-46B6-B7F0-220B9BB1D0D9}"
EndProject
Global
	GlobalSection(SolutionConfigurationPlatforms) = preSolution
		Debug|Any CPU = Debug|Any CPU
		Release|Any CPU = Release|Any CPU
	EndGlobalSection
	GlobalSection(ProjectConfigurationPlatforms) = postSolution
		{FD5866B1-67C0-4F9C-A23A-6E217D00EDC4}.Debug|Any CPU.ActiveCfg = Debug|Any CPU
		{FD5866B1-67C0-4F9C-A23A-6E217D00EDC4}.Debug|Any CPU.Build.0 = Debug|Any CPU
		{FD5866B1-67C0-4F9C-A23A-6E217D00EDC4}.Release|Any CPU.ActiveCfg = Release|Any CPU
		{FD5866B1-67C0-4F9C-A23A-6E217D00EDC4}.Release|Any CPU.Build.0 = Release|Any CPU
		{F3B1DDB2-6EB3-46B6-B7F0-220B9BB1D0D9}.Debug|Any CPU.ActiveCfg = Debug|Any CPU
		{F3B1DDB2-6EB3-46B6-B7F0-220B9BB1D0D9}.Debug|Any CPU.Build.0 = Debug|Any CPU
		{F3B1DDB2-6EB3-46B6-B7F0-220B9BB1D0D9}.Release|Any CPU.ActiveCfg = Release|Any CPU
		{F3B1DDB2-6EB3-46B6-B7F0-220B9BB1D0D9}.Release|Any CPU.Build.0 = Release|Any CPU
	EndGlobalSection
	GlobalSection(SolutionProperties) = preSolution
		HideSolutionNode = FALSE
	EndGlobalSection
	GlobalSection(ExtensibilityGlobals) = postSolution
		SolutionGuid = {C343B276-9F54-4859-9E90-C4E9417634A9}
	EndGlobalSection
EndGlobal
